
Microsoft Visual Studio Solution File, Format Version 12.00
# Visual Studio Version 17
VisualStudioVersion = 17.0.31903.59
MinimumVisualStudioVersion = 10.0.40219.1
Project("{9A19103F-16F7-4668-BE54-9A1E7A4F7556}") = "MirchasovStore", "MirchasovStore\MirchasovStore.csproj", "{2899D746-F2DB-4E11-AF75-A1C9CBCBEEFF}"
EndProject
Global
	GlobalSection(SolutionConfigurationPlatforms) = preSolution
		Debug|Any CPU = Debug|Any CPU
		Release|Any CPU = Release|Any CPU
	EndGlobalSection
	GlobalSection(ProjectConfigurationPlatforms) = postSolution
		{2899D746-F2DB-4E11-AF75-A1C9CBCBEEFF}.Debug|Any CPU.ActiveCfg = Debug|Any CPU
		{2899D746-F2DB-4E11-AF75-A1C9CBCBEEFF}.Debug|Any CPU.Build.0 = Debug|Any CPU
		{2899D746-F2DB-4E11-AF75-A1C9CBCBEEFF}.Release|Any CPU.ActiveCfg = Release|Any CPU
		{2899D746-F2DB-4E11-AF75-A1C9CBCBEEFF}.Release|Any CPU.Build.0 = Release|Any CPU
	EndGlobalSection
	GlobalSection(SolutionProperties) = preSolution
		HideSolutionNode = FALSE
	EndGlobalSection
	GlobalSection(ExtensibilityGlobals) = postSolution
		SolutionGuid = {1E609C27-6060-4216-8153-83346C4266C7}
	EndGlobalSection
EndGlobal
